# THIS IS AN AUTOGENERATED FILE. DO NOT EDIT THIS FILE DIRECTLY.
# yarn lockfile v1


iban@^0.0.13:
  version "0.0.13"
  resolved "https://registry.yarnpkg.com/iban/-/iban-0.0.13.tgz#a90412bc897762374690ad318206fe3803f362e0"
  integrity sha512-yiOgn08XU4sKec715jAjQHxiWihFA941CMleuebnia8Obt2JgRA/SV0dYjse3PRvCmOD8cPVPb+S6QC9JVhHaQ==
